// !$*UTF8*$!
{
	archiveVersion = 1;
	classes = {
	};
	objectVersion = 48;
	objects = {

/* Begin PBXBuildFile section */
		5C99F4132019A709002FACC5 /* AppDelegate.m in Sources */ = {isa = PBXBuildFile; fileRef = 5C99F4122019A709002FACC5 /* AppDelegate.m */; };
		5C99F4162019A709002FACC5 /* ViewController.m in Sources */ = {isa = PBXBuildFile; fileRef = 5C99F4152019A709002FACC5 /* ViewController.m */; };
		5C99F4192019A709002FACC5 /* Main.storyboard in Resources */ = {isa = PBXBuildFile; fileRef = 5C99F4172019A709002FACC5 /* Main.storyboard */; };
		5C99F41B2019A70A002FACC5 /* Assets.xcassets in Resources */ = {isa = PBXBuildFile; fileRef = 5C99F41A2019A709002FACC5 /* Assets.xcassets */; };
		5C99F41E2019A70A002FACC5 /* LaunchScreen.storyboard in Resources */ = {isa = PBXBuildFile; fileRef = 5C99F41C2019A70A002FACC5 /* LaunchScreen.storyboard */; };
		5C99F4212019A70A002FACC5 /* main.m in Sources */ = {isa = PBXBuildFile; fileRef = 5C99F4202019A70A002FACC5 /* main.m */; };
		5C99F42A2019B17B002FACC5 /* YIMKit.bundle in Resources */ = {isa = PBXBuildFile; fileRef = 5C99F4292019B17B002FACC5 /* YIMKit.bundle */; };
		5C99F42F2019B880002FACC5 /* YIMNavigationViewController.m in Sources */ = {isa = PBXBuildFile; fileRef = 5C99F42E2019B880002FACC5 /* YIMNavigationViewController.m */; };
		5C99F4332019B9DF002FACC5 /* UIImage+YIMImage.m in Sources */ = {isa = PBXBuildFile; fileRef = 5C99F4322019B9DF002FACC5 /* UIImage+YIMImage.m */; };
		5C99F4372019BA64002FACC5 /* YIMSetting.m in Sources */ = {isa = PBXBuildFile; fileRef = 5C99F4362019BA64002FACC5 /* YIMSetting.m */; };
		5C99F448201AC381002FACC5 /* YIMTools.m in Sources */ = {isa = PBXBuildFile; fileRef = 5C99F447201AC381002FACC5 /* YIMTools.m */; };
		5C99F455201ACFF7002FACC5 /* YbzHttpResponse.m in Sources */ = {isa = PBXBuildFile; fileRef = 5C99F44F201ACFF7002FACC5 /* YbzHttpResponse.m */; };
		5C99F456201ACFF7002FACC5 /* YbzHttpRequest.m in Sources */ = {isa = PBXBuildFile; fileRef = 5C99F450201ACFF7002FACC5 /* YbzHttpRequest.m */; };
		5C99F457201ACFF7002FACC5 /* YbzHttpResult.m in Sources */ = {isa = PBXBuildFile; fileRef = 5C99F451201ACFF7002FACC5 /* YbzHttpResult.m */; };
		5C99F45B201AD161002FACC5 /* YbzError.m in Sources */ = {isa = PBXBuildFile; fileRef = 5C99F459201AD161002FACC5 /* YbzError.m */; };
		5C99F45E201AD1B4002FACC5 /* YIMModelBase.m in Sources */ = {isa = PBXBuildFile; fileRef = 5C99F45D201AD1B4002FACC5 /* YIMModelBase.m */; };
		5C99F461201B2A11002FACC5 /* YbzRequestDecorator.m in Sources */ = {isa = PBXBuildFile; fileRef = 5C99F45F201B2A11002FACC5 /* YbzRequestDecorator.m */; };
		A467892BB5FA7400C4A017DA /* libPods-YIMKit.a in Frameworks */ = {isa = PBXBuildFile; fileRef = F99181B2DE224B7F1FBE4022 /* libPods-YIMKit.a */; };
/* End PBXBuildFile section */

/* Begin PBXFileReference section */
		48CDFC540F6B543C7D823110 /* Pods-YIMKit.debug.xcconfig */ = {isa = PBXFileReference; includeInIndex = 1; lastKnownFileType = text.xcconfig; name = "Pods-YIMKit.debug.xcconfig"; path = "Pods/Target Support Files/Pods-YIMKit/Pods-YIMKit.debug.xcconfig"; sourceTree = "<group>"; };
		5C99F40E2019A709002FACC5 /* YIMKit.app */ = {isa = PBXFileReference; explicitFileType = wrapper.application; includeInIndex = 0; path = YIMKit.app; sourceTree = BUILT_PRODUCTS_DIR; };
		5C99F4112019A709002FACC5 /* AppDelegate.h */ = {isa = PBXFileReference; lastKnownFileType = sourcecode.c.h; path = AppDelegate.h; sourceTree = "<group>"; };
		5C99F4122019A709002FACC5 /* AppDelegate.m */ = {isa = PBXFileReference; lastKnownFileType = sourcecode.c.objc; path = AppDelegate.m; sourceTree = "<group>"; };
		5C99F4142019A709002FACC5 /* ViewController.h */ = {isa = PBXFileReference; lastKnownFileType = sourcecode.c.h; path = ViewController.h; sourceTree = "<group>"; };
		5C99F4152019A709002FACC5 /* ViewController.m */ = {isa = PBXFileReference; lastKnownFileType = sourcecode.c.objc; path = ViewController.m; sourceTree = "<group>"; };
		5C99F4182019A709002FACC5 /* Base */ = {isa = PBXFileReference; lastKnownFileType = file.storyboard; name = Base; path = Base.lproj/Main.storyboard; sourceTree = "<group>"; };
		5C99F41A2019A709002FACC5 /* Assets.xcassets */ = {isa = PBXFileReference; lastKnownFileType = folder.assetcatalog; path = Assets.xcassets; sourceTree = "<group>"; };
		5C99F41D2019A70A002FACC5 /* Base */ = {isa = PBXFileReference; lastKnownFileType = file.storyboard; name = Base; path = Base.lproj/LaunchScreen.storyboard; sourceTree = "<group>"; };
		5C99F41F2019A70A002FACC5 /* Info.plist */ = {isa = PBXFileReference; lastKnownFileType = text.plist.xml; path = Info.plist; sourceTree = "<group>"; };
		5C99F4202019A70A002FACC5 /* main.m */ = {isa = PBXFileReference; lastKnownFileType = sourcecode.c.objc; path = main.m; sourceTree = "<group>"; };
		5C99F4292019B17B002FACC5 /* YIMKit.bundle */ = {isa = PBXFileReference; lastKnownFileType = "wrapper.plug-in"; path = YIMKit.bundle; sourceTree = "<group>"; };
		5C99F42B2019B197002FACC5 /* YIMKit.h */ = {isa = PBXFileReference; lastKnownFileType = sourcecode.c.h; path = YIMKit.h; sourceTree = "<group>"; };
		5C99F42D2019B880002FACC5 /* YIMNavigationViewController.h */ = {isa = PBXFileReference; lastKnownFileType = sourcecode.c.h; path = YIMNavigationViewController.h; sourceTree = "<group>"; };
		5C99F42E2019B880002FACC5 /* YIMNavigationViewController.m */ = {isa = PBXFileReference; lastKnownFileType = sourcecode.c.objc; path = YIMNavigationViewController.m; sourceTree = "<group>"; };
		5C99F4312019B9DF002FACC5 /* UIImage+YIMImage.h */ = {isa = PBXFileReference; lastKnownFileType = sourcecode.c.h; path = "UIImage+YIMImage.h"; sourceTree = "<group>"; };
		5C99F4322019B9DF002FACC5 /* UIImage+YIMImage.m */ = {isa = PBXFileReference; lastKnownFileType = sourcecode.c.objc; path = "UIImage+YIMImage.m"; sourceTree = "<group>"; };
		5C99F4352019BA64002FACC5 /* YIMSetting.h */ = {isa = PBXFileReference; lastKnownFileType = sourcecode.c.h; path = YIMSetting.h; sourceTree = "<group>"; };
		5C99F4362019BA64002FACC5 /* YIMSetting.m */ = {isa = PBXFileReference; lastKnownFileType = sourcecode.c.objc; path = YIMSetting.m; sourceTree = "<group>"; };
		5C99F446201AC381002FACC5 /* YIMTools.h */ = {isa = PBXFileReference; lastKnownFileType = sourcecode.c.h; path = YIMTools.h; sourceTree = "<group>"; };
		5C99F447201AC381002FACC5 /* YIMTools.m */ = {isa = PBXFileReference; lastKnownFileType = sourcecode.c.objc; path = YIMTools.m; sourceTree = "<group>"; };
		5C99F44E201ACFF6002FACC5 /* YbzHttpNetworking.h */ = {isa = PBXFileReference; fileEncoding = 4; lastKnownFileType = sourcecode.c.h; path = YbzHttpNetworking.h; sourceTree = "<group>"; };
		5C99F44F201ACFF7002FACC5 /* YbzHttpResponse.m */ = {isa = PBXFileReference; fileEncoding = 4; lastKnownFileType = sourcecode.c.objc; path = YbzHttpResponse.m; sourceTree = "<group>"; };
		5C99F450201ACFF7002FACC5 /* YbzHttpRequest.m */ = {isa = PBXFileReference; fileEncoding = 4; lastKnownFileType = sourcecode.c.objc; path = YbzHttpRequest.m; sourceTree = "<group>"; };
		5C99F451201ACFF7002FACC5 /* YbzHttpResult.m */ = {isa = PBXFileReference; fileEncoding = 4; lastKnownFileType = sourcecode.c.objc; path = YbzHttpResult.m; sourceTree = "<group>"; };
		5C99F452201ACFF7002FACC5 /* YbzHttpResponse.h */ = {isa = PBXFileReference; fileEncoding = 4; lastKnownFileType = sourcecode.c.h; path = YbzHttpResponse.h; sourceTree = "<group>"; };
		5C99F453201ACFF7002FACC5 /* YbzHttpResult.h */ = {isa = PBXFileReference; fileEncoding = 4; lastKnownFileType = sourcecode.c.h; path = YbzHttpResult.h; sourceTree = "<group>"; };
		5C99F454201ACFF7002FACC5 /* YbzHttpRequest.h */ = {isa = PBXFileReference; fileEncoding = 4; lastKnownFileType = sourcecode.c.h; path = YbzHttpRequest.h; sourceTree = "<group>"; };
		5C99F459201AD161002FACC5 /* YbzError.m */ = {isa = PBXFileReference; fileEncoding = 4; lastKnownFileType = sourcecode.c.objc; path = YbzError.m; sourceTree = "<group>"; };
		5C99F45A201AD161002FACC5 /* YbzError.h */ = {isa = PBXFileReference; fileEncoding = 4; lastKnownFileType = sourcecode.c.h; path = YbzError.h; sourceTree = "<group>"; };
		5C99F45C201AD1B4002FACC5 /* YIMModelBase.h */ = {isa = PBXFileReference; lastKnownFileType = sourcecode.c.h; path = YIMModelBase.h; sourceTree = "<group>"; };
		5C99F45D201AD1B4002FACC5 /* YIMModelBase.m */ = {isa = PBXFileReference; lastKnownFileType = sourcecode.c.objc; path = YIMModelBase.m; sourceTree = "<group>"; };
		5C99F45F201B2A11002FACC5 /* YbzRequestDecorator.m */ = {isa = PBXFileReference; fileEncoding = 4; lastKnownFileType = sourcecode.c.objc; path = YbzRequestDecorator.m; sourceTree = "<group>"; };
		5C99F460201B2A11002FACC5 /* YbzRequestDecorator.h */ = {isa = PBXFileReference; fileEncoding = 4; lastKnownFileType = sourcecode.c.h; path = YbzRequestDecorator.h; sourceTree = "<group>"; };
		E09EB5C092056F8472C91C23 /* Pods-YIMKit.release.xcconfig */ = {isa = PBXFileReference; includeInIndex = 1; lastKnownFileType = text.xcconfig; name = "Pods-YIMKit.release.xcconfig"; path = "Pods/Target Support Files/Pods-YIMKit/Pods-YIMKit.release.xcconfig"; sourceTree = "<group>"; };
		F99181B2DE224B7F1FBE4022 /* libPods-YIMKit.a */ = {isa = PBXFileReference; explicitFileType = archive.ar; includeInIndex = 0; path = "libPods-YIMKit.a"; sourceTree = BUILT_PRODUCTS_DIR; };
/* End PBXFileReference section */

/* Begin PBXFrameworksBuildPhase section */
		5C99F40B2019A709002FACC5 /* Frameworks */ = {
			isa = PBXFrameworksBuildPhase;
			buildActionMask = 2147483647;
			files = (
				A467892BB5FA7400C4A017DA /* libPods-YIMKit.a in Frameworks */,
			);
			runOnlyForDeploymentPostprocessing = 0;
		};
/* End PBXFrameworksBuildPhase section */

/* Begin PBXGroup section */
		030188ADA5F93BA26AEF34F9 /* Frameworks */ = {
			isa = PBXGroup;
			children = (
				F99181B2DE224B7F1FBE4022 /* libPods-YIMKit.a */,
			);
			name = Frameworks;
			sourceTree = "<group>";
		};
		5C99F4052019A709002FACC5 = {
			isa = PBXGroup;
			children = (
				5C99F4102019A709002FACC5 /* YIMKit */,
				5C99F40F2019A709002FACC5 /* Products */,
				DA5DBB351588DAFC8A90DB1F /* Pods */,
				030188ADA5F93BA26AEF34F9 /* Frameworks */,
			);
			sourceTree = "<group>";
		};
		5C99F40F2019A709002FACC5 /* Products */ = {
			isa = PBXGroup;
			children = (
				5C99F40E2019A709002FACC5 /* YIMKit.app */,
			);
			name = Products;
			sourceTree = "<group>";
		};
		5C99F4102019A709002FACC5 /* YIMKit */ = {
			isa = PBXGroup;
			children = (
				5C99F4282019AB1D002FACC5 /* resource */,
				5C99F4272019A723002FACC5 /* src */,
				5C99F4112019A709002FACC5 /* AppDelegate.h */,
				5C99F4122019A709002FACC5 /* AppDelegate.m */,
				5C99F4142019A709002FACC5 /* ViewController.h */,
				5C99F4152019A709002FACC5 /* ViewController.m */,
				5C99F4172019A709002FACC5 /* Main.storyboard */,
				5C99F41A2019A709002FACC5 /* Assets.xcassets */,
				5C99F41C2019A70A002FACC5 /* LaunchScreen.storyboard */,
				5C99F41F2019A70A002FACC5 /* Info.plist */,
				5C99F4202019A70A002FACC5 /* main.m */,
			);
			path = YIMKit;
			sourceTree = "<group>";
		};
		5C99F4272019A723002FACC5 /* src */ = {
			isa = PBXGroup;
			children = (
				5C99F42B2019B197002FACC5 /* YIMKit.h */,
				5C99F458201AD13F002FACC5 /* Models */,
				5C99F44D201ACFDB002FACC5 /* Request */,
				5C99F4342019BA58002FACC5 /* Tool */,
				5C99F42C2019B808002FACC5 /* UI */,
			);
			path = src;
			sourceTree = "<group>";
		};
		5C99F4282019AB1D002FACC5 /* resource */ = {
			isa = PBXGroup;
			children = (
				5C99F4292019B17B002FACC5 /* YIMKit.bundle */,
			);
			path = resource;
			sourceTree = "<group>";
		};
		5C99F42C2019B808002FACC5 /* UI */ = {
			isa = PBXGroup;
			children = (
				5C99F4302019B9CB002FACC5 /* Categorys */,
				5C99F42D2019B880002FACC5 /* YIMNavigationViewController.h */,
				5C99F42E2019B880002FACC5 /* YIMNavigationViewController.m */,
			);
			path = UI;
			sourceTree = "<group>";
		};
		5C99F4302019B9CB002FACC5 /* Categorys */ = {
			isa = PBXGroup;
			children = (
				5C99F4312019B9DF002FACC5 /* UIImage+YIMImage.h */,
				5C99F4322019B9DF002FACC5 /* UIImage+YIMImage.m */,
			);
			path = Categorys;
			sourceTree = "<group>";
		};
		5C99F4342019BA58002FACC5 /* Tool */ = {
			isa = PBXGroup;
			children = (
				5C99F4352019BA64002FACC5 /* YIMSetting.h */,
				5C99F4362019BA64002FACC5 /* YIMSetting.m */,
				5C99F446201AC381002FACC5 /* YIMTools.h */,
				5C99F447201AC381002FACC5 /* YIMTools.m */,
			);
			path = Tool;
			sourceTree = "<group>";
		};
		5C99F44D201ACFDB002FACC5 /* Request */ = {
			isa = PBXGroup;
			children = (
				5C99F44E201ACFF6002FACC5 /* YbzHttpNetworking.h */,
				5C99F454201ACFF7002FACC5 /* YbzHttpRequest.h */,
				5C99F450201ACFF7002FACC5 /* YbzHttpRequest.m */,
				5C99F452201ACFF7002FACC5 /* YbzHttpResponse.h */,
				5C99F44F201ACFF7002FACC5 /* YbzHttpResponse.m */,
				5C99F453201ACFF7002FACC5 /* YbzHttpResult.h */,
				5C99F451201ACFF7002FACC5 /* YbzHttpResult.m */,
				5C99F460201B2A11002FACC5 /* YbzRequestDecorator.h */,
				5C99F45F201B2A11002FACC5 /* YbzRequestDecorator.m */,
			);
			path = Request;
			sourceTree = "<group>";
		};
		5C99F458201AD13F002FACC5 /* Models */ = {
			isa = PBXGroup;
			children = (
				5C99F45A201AD161002FACC5 /* YbzError.h */,
				5C99F459201AD161002FACC5 /* YbzError.m */,
				5C99F45C201AD1B4002FACC5 /* YIMModelBase.h */,
				5C99F45D201AD1B4002FACC5 /* YIMModelBase.m */,
			);
			path = Models;
			sourceTree = "<group>";
		};
		DA5DBB351588DAFC8A90DB1F /* Pods */ = {
			isa = PBXGroup;
			children = (
				48CDFC540F6B543C7D823110 /* Pods-YIMKit.debug.xcconfig */,
				E09EB5C092056F8472C91C23 /* Pods-YIMKit.release.xcconfig */,
			);
			name = Pods;
			sourceTree = "<group>";
		};
/* End PBXGroup section */

/* Begin PBXNativeTarget section */
		5C99F40D2019A709002FACC5 /* YIMKit */ = {
			isa = PBXNativeTarget;
			buildConfigurationList = 5C99F4242019A70A002FACC5 /* Build configuration list for PBXNativeTarget "YIMKit" */;
			buildPhases = (
				3AEEB4546052592914DA8D4B /* [CP] Check Pods Manifest.lock */,
				5C99F40A2019A709002FACC5 /* Sources */,
				5C99F40B2019A709002FACC5 /* Frameworks */,
				5C99F40C2019A709002FACC5 /* Resources */,
				B654058D0E492330AB73D9D1 /* [CP] Embed Pods Frameworks */,
				469DC9ED7A8A20A93EA7CF6D /* [CP] Copy Pods Resources */,
			);
			buildRules = (
			);
			dependencies = (
			);
			name = YIMKit;
			productName = YIMKit;
			productReference = 5C99F40E2019A709002FACC5 /* YIMKit.app */;
			productType = "com.apple.product-type.application";
		};
/* End PBXNativeTarget section */

/* Begin PBXProject section */
		5C99F4062019A709002FACC5 /* Project object */ = {
			isa = PBXProject;
			attributes = {
				LastUpgradeCheck = 0920;
				ORGANIZATIONNAME = ybz;
				TargetAttributes = {
					5C99F40D2019A709002FACC5 = {
						CreatedOnToolsVersion = 9.2;
						ProvisioningStyle = Automatic;
					};
				};
			};
			buildConfigurationList = 5C99F4092019A709002FACC5 /* Build configuration list for PBXProject "YIMKit" */;
			compatibilityVersion = "Xcode 8.0";
			developmentRegion = en;
			hasScannedForEncodings = 0;
			knownRegions = (
				en,
				Base,
			);
			mainGroup = 5C99F4052019A709002FACC5;
			productRefGroup = 5C99F40F2019A709002FACC5 /* Products */;
			projectDirPath = "";
			projectRoot = "";
			targets = (
				5C99F40D2019A709002FACC5 /* YIMKit */,
			);
		};
/* End PBXProject section */

/* Begin PBXResourcesBuildPhase section */
		5C99F40C2019A709002FACC5 /* Resources */ = {
			isa = PBXResourcesBuildPhase;
			buildActionMask = 2147483647;
			files = (
				5C99F42A2019B17B002FACC5 /* YIMKit.bundle in Resources */,
				5C99F41E2019A70A002FACC5 /* LaunchScreen.storyboard in Resources */,
				5C99F41B2019A70A002FACC5 /* Assets.xcassets in Resources */,
				5C99F4192019A709002FACC5 /* Main.storyboard in Resources */,
			);
			runOnlyForDeploymentPostprocessing = 0;
		};
/* End PBXResourcesBuildPhase section */

/* Begin PBXShellScriptBuildPhase section */
		3AEEB4546052592914DA8D4B /* [CP] Check Pods Manifest.lock */ = {
			isa = PBXShellScriptBuildPhase;
			buildActionMask = 2147483647;
			files = (
			);
			inputPaths = (
				"${PODS_PODFILE_DIR_PATH}/Podfile.lock",
				"${PODS_ROOT}/Manifest.lock",
			);
			name = "[CP] Check Pods Manifest.lock";
			outputPaths = (
				"$(DERIVED_FILE_DIR)/Pods-YIMKit-checkManifestLockResult.txt",
			);
			runOnlyForDeploymentPostprocessing = 0;
			shellPath = /bin/sh;
			shellScript = "diff \"${PODS_PODFILE_DIR_PATH}/Podfile.lock\" \"${PODS_ROOT}/Manifest.lock\" > /dev/null\nif [ $? != 0 ] ; then\n    # print error to STDERR\n    echo \"error: The sandbox is not in sync with the Podfile.lock. Run 'pod install' or update your CocoaPods installation.\" >&2\n    exit 1\nfi\n# This output is used by Xcode 'outputs' to avoid re-running this script phase.\necho \"SUCCESS\" > \"${SCRIPT_OUTPUT_FILE_0}\"\n";
			showEnvVarsInLog = 0;
		};
		469DC9ED7A8A20A93EA7CF6D /* [CP] Copy Pods Resources */ = {
			isa = PBXShellScriptBuildPhase;
			buildActionMask = 2147483647;
			files = (
			);
			inputPaths = (
				"${SRCROOT}/Pods/Target Support Files/Pods-YIMKit/Pods-YIMKit-resources.sh",
				"${PODS_ROOT}/MJRefresh/MJRefresh/MJRefresh.bundle",
			);
			name = "[CP] Copy Pods Resources";
			outputPaths = (
				"${TARGET_BUILD_DIR}/${UNLOCALIZED_RESOURCES_FOLDER_PATH}",
			);
			runOnlyForDeploymentPostprocessing = 0;
			shellPath = /bin/sh;
			shellScript = "\"${SRCROOT}/Pods/Target Support Files/Pods-YIMKit/Pods-YIMKit-resources.sh\"\n";
			showEnvVarsInLog = 0;
		};
		B654058D0E492330AB73D9D1 /* [CP] Embed Pods Frameworks */ = {
			isa = PBXShellScriptBuildPhase;
			buildActionMask = 2147483647;
			files = (
			);
			inputPaths = (
			);
			name = "[CP] Embed Pods Frameworks";
			outputPaths = (
			);
			runOnlyForDeploymentPostprocessing = 0;
			shellPath = /bin/sh;
			shellScript = "\"${SRCROOT}/Pods/Target Support Files/Pods-YIMKit/Pods-YIMKit-frameworks.sh\"\n";
			showEnvVarsInLog = 0;
		};
/* End PBXShellScriptBuildPhase section */

/* Begin PBXSourcesBuildPhase section */
		5C99F40A2019A709002FACC5 /* Sources */ = {
			isa = PBXSourcesBuildPhase;
			buildActionMask = 2147483647;
			files = (
				5C99F461201B2A11002FACC5 /* YbzRequestDecorator.m in Sources */,
				5C99F455201ACFF7002FACC5 /* YbzHttpResponse.m in Sources */,
				5C99F4162019A709002FACC5 /* ViewController.m in Sources */,
				5C99F4212019A70A002FACC5 /* main.m in Sources */,
				5C99F42F2019B880002FACC5 /* YIMNavigationViewController.m in Sources */,
				5C99F4332019B9DF002FACC5 /* UIImage+YIMImage.m in Sources */,
				5C99F4372019BA64002FACC5 /* YIMSetting.m in Sources */,
				5C99F45E201AD1B4002FACC5 /* YIMModelBase.m in Sources */,
				5C99F457201ACFF7002FACC5 /* YbzHttpResult.m in Sources */,
				5C99F456201ACFF7002FACC5 /* YbzHttpRequest.m in Sources */,
				5C99F448201AC381002FACC5 /* YIMTools.m in Sources */,
				5C99F4132019A709002FACC5 /* AppDelegate.m in Sources */,
				5C99F45B201AD161002FACC5 /* YbzError.m in Sources */,
			);
			runOnlyForDeploymentPostprocessing = 0;
		};
/* End PBXSourcesBuildPhase section */

/* Begin PBXVariantGroup section */
		5C99F4172019A709002FACC5 /* Main.storyboard */ = {
			isa = PBXVariantGroup;
			children = (
				5C99F4182019A709002FACC5 /* Base */,
			);
			name = Main.storyboard;
			sourceTree = "<group>";
		};
		5C99F41C2019A70A002FACC5 /* LaunchScreen.storyboard */ = {
			isa = PBXVariantGroup;
			children = (
				5C99F41D2019A70A002FACC5 /* Base */,
			);
			name = LaunchScreen.storyboard;
			sourceTree = "<group>";
		};
/* End PBXVariantGroup section */

/* Begin XCBuildConfiguration section */
		5C99F4222019A70A002FACC5 /* Debug */ = {
			isa = XCBuildConfiguration;
			buildSettings = {
				ALWAYS_SEARCH_USER_PATHS = NO;
				CLANG_ANALYZER_NONNULL = YES;
				CLANG_ANALYZER_NUMBER_OBJECT_CONVERSION = YES_AGGRESSIVE;
				CLANG_CXX_LANGUAGE_STANDARD = "gnu++14";
				CLANG_CXX_LIBRARY = "libc++";
				CLANG_ENABLE_MODULES = YES;
				CLANG_ENABLE_OBJC_ARC = YES;
				CLANG_WARN_BLOCK_CAPTURE_AUTORELEASING = YES;
				CLANG_WARN_BOOL_CONVERSION = YES;
				CLANG_WARN_COMMA = YES;
				CLANG_WARN_CONSTANT_CONVERSION = YES;
				CLANG_WARN_DIRECT_OBJC_ISA_USAGE = YES_ERROR;
				CLANG_WARN_DOCUMENTATION_COMMENTS = YES;
				CLANG_WARN_EMPTY_BODY = YES;
				CLANG_WARN_ENUM_CONVERSION = YES;
				CLANG_WARN_INFINITE_RECURSION = YES;
				CLANG_WARN_INT_CONVERSION = YES;
				CLANG_WARN_NON_LITERAL_NULL_CONVERSION = YES;
				CLANG_WARN_OBJC_LITERAL_CONVERSION = YES;
				CLANG_WARN_OBJC_ROOT_CLASS = YES_ERROR;
				CLANG_WARN_RANGE_LOOP_ANALYSIS = YES;
				CLANG_WARN_STRICT_PROTOTYPES = YES;
				CLANG_WARN_SUSPICIOUS_MOVE = YES;
				CLANG_WARN_UNGUARDED_AVAILABILITY = YES_AGGRESSIVE;
				CLANG_WARN_UNREACHABLE_CODE = YES;
				CLANG_WARN__DUPLICATE_METHOD_MATCH = YES;
				CODE_SIGN_IDENTITY = "iPhone Developer";
				COPY_PHASE_STRIP = NO;
				DEBUG_INFORMATION_FORMAT = dwarf;
				ENABLE_STRICT_OBJC_MSGSEND = YES;
				ENABLE_TESTABILITY = YES;
				GCC_C_LANGUAGE_STANDARD = gnu11;
				GCC_DYNAMIC_NO_PIC = NO;
				GCC_NO_COMMON_BLOCKS = YES;
				GCC_OPTIMIZATION_LEVEL = 0;
				GCC_PREPROCESSOR_DEFINITIONS = (
					"DEBUG=1",
					"$(inherited)",
				);
				GCC_WARN_64_TO_32_BIT_CONVERSION = YES;
				GCC_WARN_ABOUT_RETURN_TYPE = YES_ERROR;
				GCC_WARN_UNDECLARED_SELECTOR = YES;
				GCC_WARN_UNINITIALIZED_AUTOS = YES_AGGRESSIVE;
				GCC_WARN_UNUSED_FUNCTION = YES;
				GCC_WARN_UNUSED_VARIABLE = YES;
				IPHONEOS_DEPLOYMENT_TARGET = 8.0;
				MTL_ENABLE_DEBUG_INFO = YES;
				ONLY_ACTIVE_ARCH = YES;
				SDKROOT = iphoneos;
			};
			name = Debug;
		};
		5C99F4232019A70A002FACC5 /* Release */ = {
			isa = XCBuildConfiguration;
			buildSettings = {
				ALWAYS_SEARCH_USER_PATHS = NO;
				CLANG_ANALYZER_NONNULL = YES;
				CLANG_ANALYZER_NUMBER_OBJECT_CONVERSION = YES_AGGRESSIVE;
				CLANG_CXX_LANGUAGE_STANDARD = "gnu++14";
				CLANG_CXX_LIBRARY = "libc++";
				CLANG_ENABLE_MODULES = YES;
				CLANG_ENABLE_OBJC_ARC = YES;
				CLANG_WARN_BLOCK_CAPTURE_AUTORELEASING = YES;
				CLANG_WARN_BOOL_CONVERSION = YES;
				CLANG_WARN_COMMA = YES;
				CLANG_WARN_CONSTANT_CONVERSION = YES;
				CLANG_WARN_DIRECT_OBJC_ISA_USAGE = YES_ERROR;
				CLANG_WARN_DOCUMENTATION_COMMENTS = YES;
				CLANG_WARN_EMPTY_BODY = YES;
				CLANG_WARN_ENUM_CONVERSION = YES;
				CLANG_WARN_INFINITE_RECURSION = YES;
				CLANG_WARN_INT_CONVERSION = YES;
				CLANG_WARN_NON_LITERAL_NULL_CONVERSION = YES;
				CLANG_WARN_OBJC_LITERAL_CONVERSION = YES;
				CLANG_WARN_OBJC_ROOT_CLASS = YES_ERROR;
				CLANG_WARN_RANGE_LOOP_ANALYSIS = YES;
				CLANG_WARN_STRICT_PROTOTYPES = YES;
				CLANG_WARN_SUSPICIOUS_MOVE = YES;
				CLANG_WARN_UNGUARDED_AVAILABILITY = YES_AGGRESSIVE;
				CLANG_WARN_UNREACHABLE_CODE = YES;
				CLANG_WARN__DUPLICATE_METHOD_MATCH = YES;
				CODE_SIGN_IDENTITY = "iPhone Developer";
				COPY_PHASE_STRIP = NO;
				DEBUG_INFORMATION_FORMAT = "dwarf-with-dsym";
				ENABLE_NS_ASSERTIONS = NO;
				ENABLE_STRICT_OBJC_MSGSEND = YES;
				GCC_C_LANGUAGE_STANDARD = gnu11;
				GCC_NO_COMMON_BLOCKS = YES;
				GCC_WARN_64_TO_32_BIT_CONVERSION = YES;
				GCC_WARN_ABOUT_RETURN_TYPE = YES_ERROR;
				GCC_WARN_UNDECLARED_SELECTOR = YES;
				GCC_WARN_UNINITIALIZED_AUTOS = YES_AGGRESSIVE;
				GCC_WARN_UNUSED_FUNCTION = YES;
				GCC_WARN_UNUSED_VARIABLE = YES;
				IPHONEOS_DEPLOYMENT_TARGET = 8.0;
				MTL_ENABLE_DEBUG_INFO = NO;
				SDKROOT = iphoneos;
				VALIDATE_PRODUCT = YES;
			};
			name = Release;
		};
		5C99F4252019A70A002FACC5 /* Debug */ = {
			isa = XCBuildConfiguration;
			baseConfigurationReference = 48CDFC540F6B543C7D823110 /* Pods-YIMKit.debug.xcconfig */;
			buildSettings = {
				ASSETCATALOG_COMPILER_APPICON_NAME = AppIcon;
				CODE_SIGN_STYLE = Automatic;
				DEVELOPMENT_TEAM = 2Q5KU2HBEN;
				INFOPLIST_FILE = YIMKit/Info.plist;
				LD_RUNPATH_SEARCH_PATHS = "$(inherited) @executable_path/Frameworks";
				PRODUCT_BUNDLE_IDENTIFIER = ybzhome.com.YIMKit;
				PRODUCT_NAME = "$(TARGET_NAME)";
				TARGETED_DEVICE_FAMILY = "1,2";
			};
			name = Debug;
		};
		5C99F4262019A70A002FACC5 /* Release */ = {
			isa = XCBuildConfiguration;
			baseConfigurationReference = E09EB5C092056F8472C91C23 /* Pods-YIMKit.release.xcconfig */;
			buildSettings = {
				ASSETCATALOG_COMPILER_APPICON_NAME = AppIcon;
				CODE_SIGN_STYLE = Automatic;
				DEVELOPMENT_TEAM = 2Q5KU2HBEN;
				INFOPLIST_FILE = YIMKit/Info.plist;
				LD_RUNPATH_SEARCH_PATHS = "$(inherited) @executable_path/Frameworks";
				PRODUCT_BUNDLE_IDENTIFIER = ybzhome.com.YIMKit;
				PRODUCT_NAME = "$(TARGET_NAME)";
				TARGETED_DEVICE_FAMILY = "1,2";
			};
			name = Release;
		};
/* End XCBuildConfiguration section */

/* Begin XCConfigurationList section */
		5C99F4092019A709002FACC5 /* Build configuration list for PBXProject "YIMKit" */ = {
			isa = XCConfigurationList;
			buildConfigurations = (
				5C99F4222019A70A002FACC5 /* Debug */,
				5C99F4232019A70A002FACC5 /* Release */,
			);
			defaultConfigurationIsVisible = 0;
			defaultConfigurationName = Release;
		};
		5C99F4242019A70A002FACC5 /* Build configuration list for PBXNativeTarget "YIMKit" */ = {
			isa = XCConfigurationList;
			buildConfigurations = (
				5C99F4252019A70A002FACC5 /* Debug */,
				5C99F4262019A70A002FACC5 /* Release */,
			);
			defaultConfigurationIsVisible = 0;
			defaultConfigurationName = Release;
		};
/* End XCConfigurationList section */
	};
	rootObject = 5C99F4062019A709002FACC5 /* Project object */;
}
